version: 6
environments:
  default:
    channels:
    - url: https://conda.anaconda.org/conda-forge/
    indexes:
    - https://pypi.org/simple
    packages:
      linux-aarch64:
      - conda: https://conda.anaconda.org/conda-forge/linux-aarch64/_openmp_mutex-4.5-2_gnu.tar.bz2
      - conda: https://conda.anaconda.org/conda-forge/linux-aarch64/bzip2-1.0.8-h68df207_7.conda
      - conda: https://conda.anaconda.org/conda-forge/linux-aarch64/ca-certificates-2025.1.31-hcefe29a_0.conda
      - conda: https://conda.anaconda.org/conda-forge/linux-aarch64/ld_impl_linux-aarch64-2.43-h80caac9_2.conda
      - conda: https://conda.anaconda.org/conda-forge/linux-aarch64/libexpat-2.6.4-h5ad3122_0.conda
      - conda: https://conda.anaconda.org/conda-forge/linux-aarch64/libffi-3.4.2-h3557bc0_5.tar.bz2
      - conda: https://conda.anaconda.org/conda-forge/linux-aarch64/libgcc-14.2.0-he277a41_1.conda
      - conda: https://conda.anaconda.org/conda-forge/linux-aarch64/libgcc-ng-14.2.0-he9431aa_1.conda
      - conda: https://conda.anaconda.org/conda-forge/linux-aarch64/libgomp-14.2.0-he277a41_1.conda
      - conda: https://conda.anaconda.org/conda-forge/linux-aarch64/liblzma-5.6.4-h86ecc28_0.conda
      - conda: https://conda.anaconda.org/conda-forge/linux-aarch64/libmpdec-4.0.0-h68df207_0.conda
      - conda: https://conda.anaconda.org/conda-forge/linux-aarch64/libsqlite-3.48.0-h5eb1b54_1.conda
      - conda: https://conda.anaconda.org/conda-forge/linux-aarch64/libuuid-2.38.1-hb4cce97_0.conda
      - conda: https://conda.anaconda.org/conda-forge/linux-aarch64/libzlib-1.3.1-h86ecc28_2.conda
      - conda: https://conda.anaconda.org/conda-forge/linux-aarch64/ncurses-6.5-ha32ae93_3.conda
      - conda: https://conda.anaconda.org/conda-forge/linux-aarch64/openssl-3.4.0-hd08dc88_1.conda
      - conda: https://conda.anaconda.org/conda-forge/noarch/pip-25.0.1-pyh145f28c_0.conda
      - conda: https://conda.anaconda.org/conda-forge/linux-aarch64/python-3.13.1-h3e021d1_104_cp313.conda
      - conda: https://conda.anaconda.org/conda-forge/linux-aarch64/python_abi-3.13-5_cp313.conda
      - conda: https://conda.anaconda.org/conda-forge/linux-aarch64/readline-8.2-h8fc344f_1.conda
      - conda: https://conda.anaconda.org/conda-forge/linux-aarch64/tk-8.6.13-h194ca79_0.conda
      - conda: https://conda.anaconda.org/conda-forge/noarch/tzdata-2025a-h78e105d_0.conda
      - pypi: https://files.pythonhosted.org/packages/10/cb/f2ad4230dc2eb1a74edf38f1a38b9b52277f75bef262d8908e60d957e13c/blinker-1.9.0-py3-none-any.whl
      - pypi: https://files.pythonhosted.org/packages/7e/d4/7ebdbd03970677812aac39c869717059dbb71a4cfc033ca6e5221787892c/click-8.1.8-py3-none-any.whl
      - pypi: https://files.pythonhosted.org/packages/af/47/93213ee66ef8fae3b93b3e29206f6b251e65c97bd91d8e1c5596ef15af0a/flask-3.1.0-py3-none-any.whl
      - pypi: https://files.pythonhosted.org/packages/56/07/1afa0514c876282bebc1c9aee83c6bb98fe6415cf57b88d9b06e7e29bf9c/Flask_Cors-5.0.0-py2.py3-none-any.whl
      - pypi: https://files.pythonhosted.org/packages/04/96/92447566d16df59b2a776c0fb82dbc4d9e07cd95062562af01e408583fc4/itsdangerous-2.2.0-py3-none-any.whl
      - pypi: https://files.pythonhosted.org/packages/bd/0f/2ba5fbcd631e3e88689309dbe978c5769e883e4b84ebfe7da30b43275c5a/jinja2-3.1.5-py3-none-any.whl
      - pypi: https://files.pythonhosted.org/packages/d2/f5/6eadfcd3885ea85fe2a7c128315cc1bb7241e1987443d78c8fe712d03091/MarkupSafe-3.0.2-cp313-cp313-manylinux_2_17_aarch64.manylinux2014_aarch64.whl
      - pypi: https://files.pythonhosted.org/packages/52/24/ab44c871b0f07f491e5d2ad12c9bd7358e527510618cb1b803a88e986db1/werkzeug-3.1.3-py3-none-any.whl
      osx-arm64:
      - conda: https://conda.anaconda.org/conda-forge/osx-arm64/bzip2-1.0.8-h99b78c6_7.conda
      - conda: https://conda.anaconda.org/conda-forge/osx-arm64/ca-certificates-2025.1.31-hf0a4a13_0.conda
      - conda: https://conda.anaconda.org/conda-forge/osx-arm64/libexpat-2.6.4-h286801f_0.conda
      - conda: https://conda.anaconda.org/conda-forge/osx-arm64/libffi-3.4.2-h3422bc3_5.tar.bz2
      - conda: https://conda.anaconda.org/conda-forge/osx-arm64/liblzma-5.6.4-h39f12f2_0.conda
      - conda: https://conda.anaconda.org/conda-forge/osx-arm64/libmpdec-4.0.0-h99b78c6_0.conda
      - conda: https://conda.anaconda.org/conda-forge/osx-arm64/libsqlite-3.48.0-h3f77e49_1.conda
      - conda: https://conda.anaconda.org/conda-forge/osx-arm64/libzlib-1.3.1-h8359307_2.conda
      - conda: https://conda.anaconda.org/conda-forge/osx-arm64/ncurses-6.5-h5e97a16_3.conda
      - conda: https://conda.anaconda.org/conda-forge/osx-arm64/openssl-3.4.0-h81ee809_1.conda
      - conda: https://conda.anaconda.org/conda-forge/noarch/pip-25.0.1-pyh145f28c_0.conda
      - conda: https://conda.anaconda.org/conda-forge/osx-arm64/python-3.13.1-h4f43103_105_cp313.conda
      - conda: https://conda.anaconda.org/conda-forge/osx-arm64/python_abi-3.13-5_cp313.conda
      - conda: https://conda.anaconda.org/conda-forge/osx-arm64/readline-8.2-h92ec313_1.conda
      - conda: https://conda.anaconda.org/conda-forge/osx-arm64/tk-8.6.13-h5083fa2_1.conda
      - conda: https://conda.anaconda.org/conda-forge/noarch/tzdata-2025a-h78e105d_0.conda
      - pypi: https://files.pythonhosted.org/packages/10/cb/f2ad4230dc2eb1a74edf38f1a38b9b52277f75bef262d8908e60d957e13c/blinker-1.9.0-py3-none-any.whl
      - pypi: https://files.pythonhosted.org/packages/7e/d4/7ebdbd03970677812aac39c869717059dbb71a4cfc033ca6e5221787892c/click-8.1.8-py3-none-any.whl
      - pypi: https://files.pythonhosted.org/packages/af/47/93213ee66ef8fae3b93b3e29206f6b251e65c97bd91d8e1c5596ef15af0a/flask-3.1.0-py3-none-any.whl
      - pypi: https://files.pythonhosted.org/packages/56/07/1afa0514c876282bebc1c9aee83c6bb98fe6415cf57b88d9b06e7e29bf9c/Flask_Cors-5.0.0-py2.py3-none-any.whl
      - pypi: https://files.pythonhosted.org/packages/04/96/92447566d16df59b2a776c0fb82dbc4d9e07cd95062562af01e408583fc4/itsdangerous-2.2.0-py3-none-any.whl
      - pypi: https://files.pythonhosted.org/packages/bd/0f/2ba5fbcd631e3e88689309dbe978c5769e883e4b84ebfe7da30b43275c5a/jinja2-3.1.5-py3-none-any.whl
      - pypi: https://files.pythonhosted.org/packages/2b/6d/9409f3684d3335375d04e5f05744dfe7e9f120062c9857df4ab490a1031a/MarkupSafe-3.0.2-cp313-cp313-macosx_11_0_arm64.whl
      - pypi: https://files.pythonhosted.org/packages/52/24/ab44c871b0f07f491e5d2ad12c9bd7358e527510618cb1b803a88e986db1/werkzeug-3.1.3-py3-none-any.whl
packages:
- conda: https://conda.anaconda.org/conda-forge/linux-aarch64/_openmp_mutex-4.5-2_gnu.tar.bz2
  build_number: 16
  sha256: 3702bef2f0a4d38bd8288bbe54aace623602a1343c2cfbefd3fa188e015bebf0
  md5: 6168d71addc746e8f2b8d57dfd2edcea
  depends:
  - libgomp >=7.5.0
  constrains:
  - openmp_impl 9999
  license: BSD-3-Clause
  license_family: BSD
  purls: []
  size: 23712
  timestamp: 1650670790230
- pypi: https://files.pythonhosted.org/packages/10/cb/f2ad4230dc2eb1a74edf38f1a38b9b52277f75bef262d8908e60d957e13c/blinker-1.9.0-py3-none-any.whl
  name: blinker
  version: 1.9.0
  sha256: ba0efaa9080b619ff2f3459d1d500c57bddea4a6b424b60a91141db6fd2f08bc
  requires_python: '>=3.9'
- conda: https://conda.anaconda.org/conda-forge/linux-aarch64/bzip2-1.0.8-h68df207_7.conda
  sha256: 2258b0b33e1cb3a9852d47557984abb6e7ea58e3d7f92706ec1f8e879290c4cb
  md5: 56398c28220513b9ea13d7b450acfb20
  depends:
  - libgcc-ng >=12
  license: bzip2-1.0.6
  license_family: BSD
  purls: []
  size: 189884
  timestamp: 1720974504976
- conda: https://conda.anaconda.org/conda-forge/osx-arm64/bzip2-1.0.8-h99b78c6_7.conda
  sha256: adfa71f158cbd872a36394c56c3568e6034aa55c623634b37a4836bd036e6b91
  md5: fc6948412dbbbe9a4c9ddbbcfe0a79ab
  depends:
  - __osx >=11.0
  license: bzip2-1.0.6
  license_family: BSD
  purls: []
  size: 122909
  timestamp: 1720974522888
- conda: https://conda.anaconda.org/conda-forge/linux-aarch64/ca-certificates-2025.1.31-hcefe29a_0.conda
  sha256: 66c6408ee461593cfdb2d78d82e6ed74d04a04ccb51df3ef8a5f35148c9c6eec
  md5: 462cb166cd2e26a396f856510a3aff67
  license: ISC
  purls: []
  size: 158290
  timestamp: 1738299057652
- conda: https://conda.anaconda.org/conda-forge/osx-arm64/ca-certificates-2025.1.31-hf0a4a13_0.conda
  sha256: 7e12816618173fe70f5c638b72adf4bfd4ddabf27794369bb17871c5bb75b9f9
  md5: 3569d6a9141adc64d2fe4797f3289e06
  license: ISC
  purls: []
  size: 158425
  timestamp: 1738298167688
- pypi: https://files.pythonhosted.org/packages/7e/d4/7ebdbd03970677812aac39c869717059dbb71a4cfc033ca6e5221787892c/click-8.1.8-py3-none-any.whl
  name: click
  version: 8.1.8
  sha256: 63c132bbbed01578a06712a2d1f497bb62d9c1c0d329b7903a866228027263b2
  requires_dist:
  - colorama ; platform_system == 'Windows'
  - importlib-metadata ; python_full_version < '3.8'
  requires_python: '>=3.7'
- pypi: https://files.pythonhosted.org/packages/af/47/93213ee66ef8fae3b93b3e29206f6b251e65c97bd91d8e1c5596ef15af0a/flask-3.1.0-py3-none-any.whl
  name: flask
  version: 3.1.0
  sha256: d667207822eb83f1c4b50949b1623c8fc8d51f2341d65f72e1a1815397551136
  requires_dist:
  - werkzeug>=3.1
  - jinja2>=3.1.2
  - itsdangerous>=2.2
  - click>=8.1.3
  - blinker>=1.9
  - importlib-metadata>=3.6 ; python_full_version < '3.10'
  - asgiref>=3.2 ; extra == 'async'
  - python-dotenv ; extra == 'dotenv'
  requires_python: '>=3.9'
- pypi: https://files.pythonhosted.org/packages/56/07/1afa0514c876282bebc1c9aee83c6bb98fe6415cf57b88d9b06e7e29bf9c/Flask_Cors-5.0.0-py2.py3-none-any.whl
  name: flask-cors
  version: 5.0.0
  sha256: b9e307d082a9261c100d8fb0ba909eec6a228ed1b60a8315fd85f783d61910bc
  requires_dist:
  - flask>=0.9
- pypi: https://files.pythonhosted.org/packages/04/96/92447566d16df59b2a776c0fb82dbc4d9e07cd95062562af01e408583fc4/itsdangerous-2.2.0-py3-none-any.whl
  name: itsdangerous
  version: 2.2.0
  sha256: c6242fc49e35958c8b15141343aa660db5fc54d4f13a1db01a3f5891b98700ef
  requires_python: '>=3.8'
- pypi: https://files.pythonhosted.org/packages/bd/0f/2ba5fbcd631e3e88689309dbe978c5769e883e4b84ebfe7da30b43275c5a/jinja2-3.1.5-py3-none-any.whl
  name: jinja2
  version: 3.1.5
  sha256: aba0f4dc9ed8013c424088f68a5c226f7d6097ed89b246d7749c2ec4175c6adb
  requires_dist:
  - markupsafe>=2.0
  - babel>=2.7 ; extra == 'i18n'
  requires_python: '>=3.7'
- conda: https://conda.anaconda.org/conda-forge/linux-aarch64/ld_impl_linux-aarch64-2.43-h80caac9_2.conda
  sha256: 80ec7e8f006196808fac5bd4b3773a652847f97bbf08044cd87731424ac64f8b
  md5: fcbde5ea19d55468953bf588770c0501
  constrains:
  - binutils_impl_linux-aarch64 2.43
  license: GPL-3.0-only
  license_family: GPL
  purls: []
  size: 698245
  timestamp: 1729655345825
- conda: https://conda.anaconda.org/conda-forge/linux-aarch64/libexpat-2.6.4-h5ad3122_0.conda
  sha256: f42e758009ba9db90d1fe7992bc3e60d0c52f71fb20923375d2c44ae69a5a2b3
  md5: f1b3fab36861b3ce945a13f0dfdfc688
  depends:
  - libgcc >=13
  constrains:
  - expat 2.6.4.*
  license: MIT
  license_family: MIT
  purls: []
  size: 72345
  timestamp: 1730967203789
- conda: https://conda.anaconda.org/conda-forge/osx-arm64/libexpat-2.6.4-h286801f_0.conda
  sha256: e42ab5ace927ee7c84e3f0f7d813671e1cf3529f5f06ee5899606630498c2745
  md5: 38d2656dd914feb0cab8c629370768bf
  depends:
  - __osx >=11.0
  constrains:
  - expat 2.6.4.*
  license: MIT
  license_family: MIT
  purls: []
  size: 64693
  timestamp: 1730967175868
- conda: https://conda.anaconda.org/conda-forge/linux-aarch64/libffi-3.4.2-h3557bc0_5.tar.bz2
  sha256: 7e9258a102480757fe3faeb225a3ca04dffd10fecd2a958c65cdb4cdf75f2c3c
  md5: dddd85f4d52121fab0a8b099c5e06501
  depends:
  - libgcc-ng >=9.4.0
  license: MIT
  license_family: MIT
  purls: []
  size: 59450
  timestamp: 1636488255090
- conda: https://conda.anaconda.org/conda-forge/osx-arm64/libffi-3.4.2-h3422bc3_5.tar.bz2
  sha256: 41b3d13efb775e340e4dba549ab5c029611ea6918703096b2eaa9c015c0750ca
  md5: 086914b672be056eb70fd4285b6783b6
  license: MIT
  license_family: MIT
  purls: []
  size: 39020
  timestamp: 1636488587153
- conda: https://conda.anaconda.org/conda-forge/linux-aarch64/libgcc-14.2.0-he277a41_1.conda
  sha256: 5d56757ccad208c79214395b00d006d8d18929a4ba49c47bd9460789a7620943
  md5: 511b511c5445e324066c3377481bcab8
  depends:
  - _openmp_mutex >=4.5
  constrains:
  - libgcc-ng ==14.2.0=*_1
  - libgomp 14.2.0 he277a41_1
  license: GPL-3.0-only WITH GCC-exception-3.1
  license_family: GPL
  purls: []
  size: 535243
  timestamp: 1729089435134
- conda: https://conda.anaconda.org/conda-forge/linux-aarch64/libgcc-ng-14.2.0-he9431aa_1.conda
  sha256: 9b5cf168a6c7361cae869cb74b716766ee7c6d6b3f6172b32ba9bf91135efdc4
  md5: 0694c249c61469f2c0f7e2990782af21
  depends:
  - libgcc 14.2.0 he277a41_1
  license: GPL-3.0-only WITH GCC-exception-3.1
  license_family: GPL
  purls: []
  size: 54104
  timestamp: 1729089444587
- conda: https://conda.anaconda.org/conda-forge/linux-aarch64/libgomp-14.2.0-he277a41_1.conda
  sha256: 5aa53874a5e57a00f2e0c2e2910684eb674429cd5fcb803619b226a73e89aedf
  md5: 376f0e73abbda6d23c0cb749adc195ef
  license: GPL-3.0-only WITH GCC-exception-3.1
  license_family: GPL
  purls: []
  size: 463521
  timestamp: 1729089357313
- conda: https://conda.anaconda.org/conda-forge/linux-aarch64/liblzma-5.6.4-h86ecc28_0.conda
  sha256: 96413664f0fade54a4931940d18749cfc8e6308349dbb0cb83adb2394ca1f730
  md5: b88244e0a115cc34f7fbca9b11248e76
  depends:
  - libgcc >=13
  license: 0BSD
  purls: []
  size: 124197
  timestamp: 1738528201520
- conda: https://conda.anaconda.org/conda-forge/osx-arm64/liblzma-5.6.4-h39f12f2_0.conda
  sha256: 560c59d3834cc652a84fb45531bd335ad06e271b34ebc216e380a89798fe8e2c
  md5: e3fd1f8320a100f2b210e690a57cd615
  depends:
  - __osx >=11.0
  license: 0BSD
  purls: []
  size: 98945
  timestamp: 1738525462560
- conda: https://conda.anaconda.org/conda-forge/linux-aarch64/libmpdec-4.0.0-h68df207_0.conda
  sha256: 1c63ef313c5d4ac02cdf21471fdba99c188bfcb87068a127a0f0964f7ec170ac
  md5: 5a03ba481cb547e6f31a1d81ebc5e319
  depends:
  - libgcc-ng >=12
  license: BSD-2-Clause
  license_family: BSD
  purls: []
  size: 110277
  timestamp: 1723861247377
- conda: https://conda.anaconda.org/conda-forge/osx-arm64/libmpdec-4.0.0-h99b78c6_0.conda
  sha256: f7917de9117d3a5fe12a39e185c7ce424f8d5010a6f97b4333e8a1dcb2889d16
  md5: 7476305c35dd9acef48da8f754eedb40
  depends:
  - __osx >=11.0
  license: BSD-2-Clause
  license_family: BSD
  purls: []
  size: 69263
  timestamp: 1723817629767
- conda: https://conda.anaconda.org/conda-forge/linux-aarch64/libsqlite-3.48.0-h5eb1b54_1.conda
  sha256: 81dd9bf66c7f1d9064e007e2c787133100c406e7ca2de61dba9fb7b87372f255
  md5: 4f3a61fe206f20b27c385ee608bcdfda
  depends:
  - libgcc >=13
  - libzlib >=1.3.1,<2.0a0
  license: Unlicense
  purls: []
  size: 1044879
  timestamp: 1737565049785
- conda: https://conda.anaconda.org/conda-forge/osx-arm64/libsqlite-3.48.0-h3f77e49_1.conda
  sha256: 17c06940cc2a13fd6a17effabd6881b1477db38b2cd3ee2571092d293d3fdd75
  md5: 4c55169502ecddf8077973a987d08f08
  depends:
  - __osx >=11.0
  - libzlib >=1.3.1,<2.0a0
  license: Unlicense
  purls: []
  size: 852831
  timestamp: 1737564996616
- conda: https://conda.anaconda.org/conda-forge/linux-aarch64/libuuid-2.38.1-hb4cce97_0.conda
  sha256: 616277b0c5f7616c2cdf36f6c316ea3f9aa5bb35f2d4476a349ab58b9b91675f
  md5: 000e30b09db0b7c775b21695dff30969
  depends:
  - libgcc-ng >=12
  license: BSD-3-Clause
  license_family: BSD
  purls: []
  size: 35720
  timestamp: 1680113474501
- conda: https://conda.anaconda.org/conda-forge/linux-aarch64/libzlib-1.3.1-h86ecc28_2.conda
  sha256: 5a2c1eeef69342e88a98d1d95bff1603727ab1ff4ee0e421522acd8813439b84
  md5: 08aad7cbe9f5a6b460d0976076b6ae64
  depends:
  - libgcc >=13
  constrains:
  - zlib 1.3.1 *_2
  license: Zlib
  license_family: Other
  purls: []
  size: 66657
  timestamp: 1727963199518
- conda: https://conda.anaconda.org/conda-forge/osx-arm64/libzlib-1.3.1-h8359307_2.conda
  sha256: ce34669eadaba351cd54910743e6a2261b67009624dbc7daeeafdef93616711b
  md5: 369964e85dc26bfe78f41399b366c435
  depends:
  - __osx >=11.0
  constrains:
  - zlib 1.3.1 *_2
  license: Zlib
  license_family: Other
  purls: []
  size: 46438
  timestamp: 1727963202283
- pypi: https://files.pythonhosted.org/packages/2b/6d/9409f3684d3335375d04e5f05744dfe7e9f120062c9857df4ab490a1031a/MarkupSafe-3.0.2-cp313-cp313-macosx_11_0_arm64.whl
  name: markupsafe
  version: 3.0.2
  sha256: f8b3d067f2e40fe93e1ccdd6b2e1d16c43140e76f02fb1319a05cf2b79d99430
  requires_python: '>=3.9'
- pypi: https://files.pythonhosted.org/packages/d2/f5/6eadfcd3885ea85fe2a7c128315cc1bb7241e1987443d78c8fe712d03091/MarkupSafe-3.0.2-cp313-cp313-manylinux_2_17_aarch64.manylinux2014_aarch64.whl
  name: markupsafe
  version: 3.0.2
  sha256: 569511d3b58c8791ab4c2e1285575265991e6d8f8700c7be0e88f86cb0672094
  requires_python: '>=3.9'
- conda: https://conda.anaconda.org/conda-forge/linux-aarch64/ncurses-6.5-ha32ae93_3.conda
  sha256: 91cfb655a68b0353b2833521dc919188db3d8a7f4c64bea2c6a7557b24747468
  md5: 182afabe009dc78d8b73100255ee6868
  depends:
  - libgcc >=13
  license: X11 AND BSD-3-Clause
  purls: []
  size: 926034
  timestamp: 1738196018799
- conda: https://conda.anaconda.org/conda-forge/osx-arm64/ncurses-6.5-h5e97a16_3.conda
  sha256: 2827ada40e8d9ca69a153a45f7fd14f32b2ead7045d3bbb5d10964898fe65733
  md5: 068d497125e4bf8a66bf707254fff5ae
  depends:
  - __osx >=11.0
  license: X11 AND BSD-3-Clause
  purls: []
  size: 797030
  timestamp: 1738196177597
- conda: https://conda.anaconda.org/conda-forge/linux-aarch64/openssl-3.4.0-hd08dc88_1.conda
  sha256: 60d34454b861501d7355f25a7b39fdb5de8d56fca49b5bcbe8b8142b7d82dce4
  md5: e21c4767e783a58c373fdb99de6211bf
  depends:
  - ca-certificates
  - libgcc >=13
  license: Apache-2.0
  license_family: Apache
  purls: []
  size: 3469279
  timestamp: 1736088141230
- conda: https://conda.anaconda.org/conda-forge/osx-arm64/openssl-3.4.0-h81ee809_1.conda
  sha256: 97772762abc70b3a537683ca9fc3ff3d6099eb64e4aba3b9c99e6fce48422d21
  md5: 22f971393637480bda8c679f374d8861
  depends:
  - __osx >=11.0
  - ca-certificates
  license: Apache-2.0
  license_family: Apache
  purls: []
  size: 2936415
  timestamp: 1736086108693
- conda: https://conda.anaconda.org/conda-forge/noarch/pip-25.0.1-pyh145f28c_0.conda
  sha256: b1beb97b230321fc2ae692bd631cd65530c59686151af9d11aaa16df815f9ee8
  md5: 9ba21d75dc722c29827988a575a65707
  depends:
  - python >=3.13.0a0
  license: MIT
  license_family: MIT
  purls:
  - pkg:pypi/pip?source=hash-mapping
  size: 1256777
  timestamp: 1739142856473
- conda: https://conda.anaconda.org/conda-forge/linux-aarch64/python-3.13.1-h3e021d1_104_cp313.conda
  build_number: 104
  sha256: ed38e22df4d618c248cb3043d65bea69d1663bd152fc7e39ed8693f3ce974af7
  md5: 62ba0535c5091af065f1ee1e0dc14162
  depends:
  - bzip2 >=1.0.8,<2.0a0
  - ld_impl_linux-aarch64 >=2.36.1
  - libexpat >=2.6.4,<3.0a0
  - libffi >=3.4,<4.0a0
  - libgcc >=13
  - liblzma >=5.6.3,<6.0a0
  - libmpdec >=4.0.0,<5.0a0
  - libsqlite >=3.47.2,<4.0a0
  - libuuid >=2.38.1,<3.0a0
  - libzlib >=1.3.1,<2.0a0
  - ncurses >=6.5,<7.0a0
  - openssl >=3.4.0,<4.0a0
  - python_abi 3.13.* *_cp313
  - readline >=8.2,<9.0a0
  - tk >=8.6.13,<8.7.0a0
  - tzdata
  license: Python-2.0
  purls: []
  size: 33538394
  timestamp: 1736327830344
  python_site_packages_path: lib/python3.13/site-packages
- conda: https://conda.anaconda.org/conda-forge/osx-arm64/python-3.13.1-h4f43103_105_cp313.conda
  build_number: 105
  sha256: 7d27cc8ef214abbdf7dd8a5d473e744f4bd9beb7293214a73c58e4895c2830b8
  md5: 11d916b508764b7d881dd5c75d222d6e
  depends:
  - __osx >=11.0
  - bzip2 >=1.0.8,<2.0a0
  - libexpat >=2.6.4,<3.0a0
  - libffi >=3.4,<4.0a0
  - liblzma >=5.6.3,<6.0a0
  - libmpdec >=4.0.0,<5.0a0
  - libsqlite >=3.47.2,<4.0a0
  - libzlib >=1.3.1,<2.0a0
  - ncurses >=6.5,<7.0a0
  - openssl >=3.4.0,<4.0a0
  - python_abi 3.13.* *_cp313
  - readline >=8.2,<9.0a0
  - tk >=8.6.13,<8.7.0a0
  - tzdata
  license: Python-2.0
  purls: []
  size: 12919840
  timestamp: 1736761931666
  python_site_packages_path: lib/python3.13/site-packages
- conda: https://conda.anaconda.org/conda-forge/linux-aarch64/python_abi-3.13-5_cp313.conda
  build_number: 5
  sha256: 7f3ce809934a401ec8a91f66bd157a2f5b620d5bb5e02b53aa2453e8a6bf117e
  md5: 74a44e8cf3265491bd0e7da5e788b017
  constrains:
  - python 3.13.* *_cp313
  license: BSD-3-Clause
  license_family: BSD
  purls: []
  size: 6323
  timestamp: 1723823381420
- conda: https://conda.anaconda.org/conda-forge/osx-arm64/python_abi-3.13-5_cp313.conda
  build_number: 5
  sha256: 4437198eae80310f40b23ae2f8a9e0a7e5c2b9ae411a8621eb03d87273666199
  md5: b8e82d0a5c1664638f87f63cc5d241fb
  constrains:
  - python 3.13.* *_cp313
  license: BSD-3-Clause
  license_family: BSD
  purls: []
  size: 6322
  timestamp: 1723823058879
- conda: https://conda.anaconda.org/conda-forge/linux-aarch64/readline-8.2-h8fc344f_1.conda
  sha256: 4c99f7417419734e3797d45bc355e61c26520e111893b0d7087a01a7fbfbe3dd
  md5: 105eb1e16bf83bfb2eb380a48032b655
  depends:
  - libgcc-ng >=12
  - ncurses >=6.3,<7.0a0
  license: GPL-3.0-only
  license_family: GPL
  purls: []
  size: 294092
  timestamp: 1679532238805
- conda: https://conda.anaconda.org/conda-forge/osx-arm64/readline-8.2-h92ec313_1.conda
  sha256: a1dfa679ac3f6007362386576a704ad2d0d7a02e98f5d0b115f207a2da63e884
  md5: 8cbb776a2f641b943d413b3e19df71f4
  depends:
  - ncurses >=6.3,<7.0a0
  license: GPL-3.0-only
  license_family: GPL
  purls: []
  size: 250351
  timestamp: 1679532511311
- conda: https://conda.anaconda.org/conda-forge/linux-aarch64/tk-8.6.13-h194ca79_0.conda
  sha256: 7fa27cc512d3a783f38bd16bbbffc008807372499d5b65d089a8e43bde9db267
  md5: f75105e0585851f818e0009dd1dde4dc
  depends:
  - libgcc-ng >=12
  - libzlib >=1.2.13,<2.0.0a0
  license: TCL
  license_family: BSD
  purls: []
  size: 3351802
  timestamp: 1695506242997
- conda: https://conda.anaconda.org/conda-forge/osx-arm64/tk-8.6.13-h5083fa2_1.conda
  sha256: 72457ad031b4c048e5891f3f6cb27a53cb479db68a52d965f796910e71a403a8
  md5: b50a57ba89c32b62428b71a875291c9b
  depends:
  - libzlib >=1.2.13,<2.0.0a0
  license: TCL
  license_family: BSD
  purls: []
  size: 3145523
  timestamp: 1699202432999
- conda: https://conda.anaconda.org/conda-forge/noarch/tzdata-2025a-h78e105d_0.conda
  sha256: c4b1ae8a2931fe9b274c44af29c5475a85b37693999f8c792dad0f8c6734b1de
  md5: dbcace4706afdfb7eb891f7b37d07c04
  license: LicenseRef-Public-Domain
  purls: []
  size: 122921
  timestamp: 1737119101255
- pypi: https://files.pythonhosted.org/packages/52/24/ab44c871b0f07f491e5d2ad12c9bd7358e527510618cb1b803a88e986db1/werkzeug-3.1.3-py3-none-any.whl
  name: werkzeug
  version: 3.1.3
  sha256: 54b78bf3716d19a65be4fceccc0d1d7b89e608834989dfae50ea87564639213e
  requires_dist:
  - markupsafe>=2.1.1
  - watchdog>=2.3 ; extra == 'watchdog'
  requires_python: '>=3.9'
